
Microsoft Visual Studio Solution File, Format Version 12.00
# Visual Studio Version 17
VisualStudioVersion = 17.1.32203.90
MinimumVisualStudioVersion = 10.0.40219.1
Project("{FAE04EC0-301F-11D3-BF4B-00C04F79EFBC}") = "WorkerWebsiteStatusDemo", "WorkerWebsiteStatusDemo\WorkerWebsiteStatusDemo.csproj", "{5D398947-8C87-4267-80B9-86B8975A771D}"
EndProject
Global
	GlobalSection(SolutionConfigurationPlatforms) = preSolution
		Debug|Any CPU = Debug|Any CPU
		Release|Any CPU = Release|Any CPU
	EndGlobalSection
	GlobalSection(ProjectConfigurationPlatforms) = postSolution
		{5D398947-8C87-4267-80B9-86B8975A771D}.Debug|Any CPU.ActiveCfg = Debug|Any CPU
		{5D398947-8C87-4267-80B9-86B8975A771D}.Debug|Any CPU.Build.0 = Debug|Any CPU
		{5D398947-8C87-4267-80B9-86B8975A771D}.Release|Any CPU.ActiveCfg = Release|Any CPU
		{5D398947-8C87-4267-80B9-86B8975A771D}.Release|Any CPU.Build.0 = Release|Any CPU
	EndGlobalSection
	GlobalSection(SolutionProperties) = preSolution
		HideSolutionNode = FALSE
	EndGlobalSection
	GlobalSection(ExtensibilityGlobals) = postSolution
		SolutionGuid = {660928B6-948D-4FBD-AA1D-698637AAE10E}
	EndGlobalSection
EndGlobal
